github.com/phpdave11/gofpdi v1.0.11/go.mod h1:vBmVV0Do6hSBHC8uKUQ71JGW+ZGQq74llk/7bXwjDoI=
github.com/phpdave11/gofpdi v1.0.13 h1:o61duiW8M9sMlkVXWlvP92sZJtGKENvW3VExs6dZukQ=
github.com/phpdave11/gofpdi v1.0.13/go.mod h1:vBmVV0Do6hSBHC8uKUQ71JGW+ZGQq74llk/7bXwjDoI=
github.com/pkg/errors v0.8.1/go.mod h1:bwawxfHBFNV+L2hUp1rHADufV3IMtnDRdf1r5NINEl0=
github.com/pkg/errors v0.9.1 h1:FEBLx1zS214owpjy7qsBeixbURkuhQAwrK5UwLGTwt4=
github.com/pkg/errors v0.9.1/go.mod h1:bwawxfHBFNV+L2hUp1rHADufV3IMtnDRdf1r5NINEl0=
github.com/qiniu/iconv v1.2.0 h1:2LJKwoF+4LJ3lNM+7cE3P1kNQzAI/HMZuWhkmFoY2U8=
github.com/qiniu/iconv v1.2.0/go.mod h1:5bxb2h9lptZt2eHLgY+Jw4X06TMtKb6tvvok0DwSwGA=
github.com/signintech/gopdf v0.9.17 h1:8h1aJgBAkL8BPsATfZC1p0dzrFpjJVUxH6tziuXsl/s=
github.com/signintech/gopdf v0.9.17/go.mod h1:PXwitUSeFWEWs+wHVjSS3cUmD4PTXB686ozqfDIQQoQ=
